
Microsoft Visual Studio Solution File, Format Version 12.00
Project("{FAE04EC0-301F-11D3-BF4B-00C04F79EFBC}") = "MasterBlogger", "MasterBlogger\MasterBlogger.csproj", "{62D9ACAF-F23B-4248-BCD1-6CF66147DDE5}"
EndProject
Project("{FAE04EC0-301F-11D3-BF4B-00C04F79EFBC}") = "MB.Domain", "MB.Domain\MB.Domain.csproj", "{D056A66D-4F74-429A-8574-BE456A5DA4D6}"
EndProject
Project("{FAE04EC0-301F-11D3-BF4B-00C04F79EFBC}") = "MB.Application.Contracts", "MB.Application.Contracts\MB.Application.Contracts.csproj", "{A3F2163A-AED9-4FC0-83BD-F138E6B9257B}"
EndProject
Project("{FAE04EC0-301F-11D3-BF4B-00C04F79EFBC}") = "MB.Application", "MB.Application\MB.Application.csproj", "{5F255D23-5BC5-4451-A07B-D7089C11C5FA}"
EndProject
Project("{FAE04EC0-301F-11D3-BF4B-00C04F79EFBC}") = "MB.Infrastructure.EFCore", "MB.Infrastructure.EFCore \MB.Infrastructure.EFCore.csproj", "{22194811-347F-48D4-A661-F4CA434BCD4C}"
EndProject
Global
	GlobalSection(SolutionConfigurationPlatforms) = preSolution
		Debug|Any CPU = Debug|Any CPU
		Release|Any CPU = Release|Any CPU
	EndGlobalSection
	GlobalSection(ProjectConfigurationPlatforms) = postSolution
		{62D9ACAF-F23B-4248-BCD1-6CF66147DDE5}.Debug|Any CPU.ActiveCfg = Debug|Any CPU
		{62D9ACAF-F23B-4248-BCD1-6CF66147DDE5}.Debug|Any CPU.Build.0 = Debug|Any CPU
		{62D9ACAF-F23B-4248-BCD1-6CF66147DDE5}.Release|Any CPU.ActiveCfg = Release|Any CPU
		{62D9ACAF-F23B-4248-BCD1-6CF66147DDE5}.Release|Any CPU.Build.0 = Release|Any CPU
		{D056A66D-4F74-429A-8574-BE456A5DA4D6}.Debug|Any CPU.ActiveCfg = Debug|Any CPU
		{D056A66D-4F74-429A-8574-BE456A5DA4D6}.Debug|Any CPU.Build.0 = Debug|Any CPU
		{D056A66D-4F74-429A-8574-BE456A5DA4D6}.Release|Any CPU.ActiveCfg = Release|Any CPU
		{D056A66D-4F74-429A-8574-BE456A5DA4D6}.Release|Any CPU.Build.0 = Release|Any CPU
		{A3F2163A-AED9-4FC0-83BD-F138E6B9257B}.Debug|Any CPU.ActiveCfg = Debug|Any CPU
		{A3F2163A-AED9-4FC0-83BD-F138E6B9257B}.Debug|Any CPU.Build.0 = Debug|Any CPU
		{A3F2163A-AED9-4FC0-83BD-F138E6B9257B}.Release|Any CPU.ActiveCfg = Release|Any CPU
		{A3F2163A-AED9-4FC0-83BD-F138E6B9257B}.Release|Any CPU.Build.0 = Release|Any CPU
		{5F255D23-5BC5-4451-A07B-D7089C11C5FA}.Debug|Any CPU.ActiveCfg = Debug|Any CPU
		{5F255D23-5BC5-4451-A07B-D7089C11C5FA}.Debug|Any CPU.Build.0 = Debug|Any CPU
		{5F255D23-5BC5-4451-A07B-D7089C11C5FA}.Release|Any CPU.ActiveCfg = Release|Any CPU
		{5F255D23-5BC5-4451-A07B-D7089C11C5FA}.Release|Any CPU.Build.0 = Release|Any CPU
		{22194811-347F-48D4-A661-F4CA434BCD4C}.Debug|Any CPU.ActiveCfg = Debug|Any CPU
		{22194811-347F-48D4-A661-F4CA434BCD4C}.Debug|Any CPU.Build.0 = Debug|Any CPU
		{22194811-347F-48D4-A661-F4CA434BCD4C}.Release|Any CPU.ActiveCfg = Release|Any CPU
		{22194811-347F-48D4-A661-F4CA434BCD4C}.Release|Any CPU.Build.0 = Release|Any CPU
	EndGlobalSection
EndGlobal
